schema: '2.0'
stages:
  feature_selection:
    cmd: python .\scripts\create_feature.py
    deps:
    - path: .\scripts\create_feature.py
      hash: md5
      md5: 892b775d692c7058cb68e69ec97b73e9
      size: 3036
    outs:
    - path: .\features
      hash: md5
      md5: 471db14a50db7f7dde2b8d7cfb0978c6.dir
      size: 69986175
      nfiles: 4
  model_training:
    cmd: python .\scripts\train_all_models.py
    deps:
    - path: .\features\target_customers.csv
      hash: md5
      md5: e34f29cf5b3755755ee595debeda33d3
      size: 4369890
    - path: .\features\target_sales.csv
      hash: md5
      md5: 57113a7f17fa48bf1ef7f775a74f625e
      size: 5179642
    - path: .\features\train_features.csv
      hash: md5
      md5: 898f9354c7ae63103347cbbae670dcbb
      size: 57543050
    outs:
    - path: .\models
      hash: md5
      md5: d751713988987e9331980363e24189ce.dir
      size: 0
      nfiles: 0
  train_models:
    cmd: python ./scripts/train_all_models.py
    deps:
    - path: ./features/target_customers.csv
      hash: md5
      md5: e34f29cf5b3755755ee595debeda33d3
      size: 4369890
    - path: ./features/target_sales.csv
      hash: md5
      md5: 57113a7f17fa48bf1ef7f775a74f625e
      size: 5179642
    - path: ./features/train_features.csv
      hash: md5
      md5: 898f9354c7ae63103347cbbae670dcbb
      size: 57543050
    - path: ./scripts/train_all_models.py
      hash: md5
      md5: a1c570d8b13f7b3548bfc809950f86f1
      size: 961
    - path: ./scripts/train_model.py
      hash: md5
      md5: b1670087aa2c94c4506664d18685a76c
      size: 1555
    outs:
    - path: ./models
      hash: md5
      md5: 6f1b73a6ae7d999edeaa2b331ae7a699.dir
      size: 65597212
      nfiles: 8
